{
  "version": 4,
  "terraform_version": "1.12.1",
  "serial": 26,
  "lineage": "b16ff38d-9d55-ba54-f463-aca9b352c3ee",
  "outputs": {},
  "resources": [
    {
      "mode": "data",
      "type": "azurerm_subscription",
      "name": "sub_id",
      "provider": "provider[\"registry.terraform.io/hashicorp/azurerm\"]",
      "instances": [
        {
          "schema_version": 0,
          "attributes": {
            "display_name": "Azure subscription 1",
            "id": "/subscriptions/60ca4910-c8be-4cfa-9d60-ceeda07f5a38",
            "location_placement_id": "Public_2014-09-01",
            "quota_id": "FreeTrial_2014-09-01",
            "spending_limit": "On",
            "state": "Enabled",
            "subscription_id": "60ca4910-c8be-4cfa-9d60-ceeda07f5a38",
            "tags": {},
            "tenant_id": "bfb26737-59f3-49f0-86cf-209377f10698",
            "timeouts": null
          },
          "sensitive_attributes": [],
          "identity_schema_version": 0
        }
      ]
    },
    {
      "mode": "managed",
      "type": "azurerm_resource_group",
      "name": "eensy_etl",
      "provider": "provider[\"registry.terraform.io/hashicorp/azurerm\"]",
      "instances": [
        {
          "schema_version": 0,
          "attributes": {
            "id": "/subscriptions/60ca4910-c8be-4cfa-9d60-ceeda07f5a38/resourceGroups/eensy-etl",
            "location": "eastus",
            "managed_by": "",
            "name": "eensy-etl",
            "tags": {},
            "timeouts": null
          },
          "sensitive_attributes": [],
          "identity_schema_version": 0,
          "private": "eyJlMmJmYjczMC1lY2FhLTExZTYtOGY4OC0zNDM2M2JjN2M0YzAiOnsiY3JlYXRlIjo1NDAwMDAwMDAwMDAwLCJkZWxldGUiOjU0MDAwMDAwMDAwMDAsInJlYWQiOjMwMDAwMDAwMDAwMCwidXBkYXRlIjo1NDAwMDAwMDAwMDAwfX0="
        }
      ]
    }
  ],
  "check_results": null
}
